
Microsoft Visual Studio Solution File, Format Version 12.00
# Visual Studio Version 17
VisualStudioVersion = 17.1.32328.378
MinimumVisualStudioVersion = 10.0.40219.1
Project("{FAE04EC0-301F-11D3-BF4B-00C04F79EFBC}") = "Chess", "Chess\Chess.csproj", "{764E64F1-B2BC-455A-AB60-775BC451DBB6}"
EndProject
Global
	GlobalSection(SolutionConfigurationPlatforms) = preSolution
		Debug|Any CPU = Debug|Any CPU
		Release|Any CPU = Release|Any CPU
	EndGlobalSection
	GlobalSection(ProjectConfigurationPlatforms) = postSolution
		{764E64F1-B2BC-455A-AB60-775BC451DBB6}.Debug|Any CPU.ActiveCfg = Debug|Any CPU
		{764E64F1-B2BC-455A-AB60-775BC451DBB6}.Debug|Any CPU.Build.0 = Debug|Any CPU
		{764E64F1-B2BC-455A-AB60-775BC451DBB6}.Release|Any CPU.ActiveCfg = Release|Any CPU
		{764E64F1-B2BC-455A-AB60-775BC451DBB6}.Release|Any CPU.Build.0 = Release|Any CPU
	EndGlobalSection
	GlobalSection(SolutionProperties) = preSolution
		HideSolutionNode = FALSE
	EndGlobalSection
	GlobalSection(ExtensibilityGlobals) = postSolution
		SolutionGuid = {B68D95C0-5D0A-4FC7-B461-36E8A114E1F7}
	EndGlobalSection
EndGlobal
